// !$*UTF8*$!
{
	archiveVersion = 1;
	classes = {
	};
	objectVersion = 50;
	objects = {

/* Begin PBXBuildFile section */
		E2171378250C72FF00C03586 /* AboutViewController.swift in Sources */ = {isa = PBXBuildFile; fileRef = E2171377250C72FF00C03586 /* AboutViewController.swift */; };
		E217137C250C762800C03586 /* Bullseye.html in Resources */ = {isa = PBXBuildFile; fileRef = E217137B250C762800C03586 /* Bullseye.html */; };
		E217137F250C768700C03586 /* WebKit.framework in Frameworks */ = {isa = PBXBuildFile; fileRef = E217137E250C768700C03586 /* WebKit.framework */; };
		E2BEEACA2500990400361A66 /* AppDelegate.swift in Sources */ = {isa = PBXBuildFile; fileRef = E2BEEAC92500990400361A66 /* AppDelegate.swift */; };
		E2BEEACC2500990400361A66 /* SceneDelegate.swift in Sources */ = {isa = PBXBuildFile; fileRef = E2BEEACB2500990400361A66 /* SceneDelegate.swift */; };
		E2BEEACE2500990400361A66 /* ViewController.swift in Sources */ = {isa = PBXBuildFile; fileRef = E2BEEACD2500990400361A66 /* ViewController.swift */; };
		E2BEEAD12500990400361A66 /* Main.storyboard in Resources */ = {isa = PBXBuildFile; fileRef = E2BEEACF2500990400361A66 /* Main.storyboard */; };
		E2BEEAD32500990500361A66 /* Assets.xcassets in Resources */ = {isa = PBXBuildFile; fileRef = E2BEEAD22500990500361A66 /* Assets.xcassets */; };
		E2BEEAD62500990500361A66 /* LaunchScreen.storyboard in Resources */ = {isa = PBXBuildFile; fileRef = E2BEEAD42500990500361A66 /* LaunchScreen.storyboard */; };
		E2F245FA251ADFBF00C047E2 /* HighScoreItem.swift in Sources */ = {isa = PBXBuildFile; fileRef = E2F245F9251ADFBF00C047E2 /* HighScoreItem.swift */; };
		E2F245FD251AE79300C047E2 /* PersistencyHelper.swift in Sources */ = {isa = PBXBuildFile; fileRef = E2F245FC251AE79300C047E2 /* PersistencyHelper.swift */; };
		E2F24604251AEE8E00C047E2 /* EditHighScoreViewController.swift in Sources */ = {isa = PBXBuildFile; fileRef = E2F24603251AEE8E00C047E2 /* EditHighScoreViewController.swift */; };
		E2F337E9250D910F00AA40B0 /* HighScoresViewController.swift in Sources */ = {isa = PBXBuildFile; fileRef = E2F337E8250D910F00AA40B0 /* HighScoresViewController.swift */; };
/* End PBXBuildFile section */

/* Begin PBXFileReference section */
		E2171377250C72FF00C03586 /* AboutViewController.swift */ = {isa = PBXFileReference; lastKnownFileType = sourcecode.swift; path = AboutViewController.swift; sourceTree = "<group>"; };
		E217137B250C762800C03586 /* Bullseye.html */ = {isa = PBXFileReference; fileEncoding = 4; lastKnownFileType = text.html; path = Bullseye.html; sourceTree = "<group>"; };
		E217137E250C768700C03586 /* WebKit.framework */ = {isa = PBXFileReference; lastKnownFileType = wrapper.framework; name = WebKit.framework; path = System/Library/Frameworks/WebKit.framework; sourceTree = SDKROOT; };
		E2BEEAC62500990400361A66 /* Bullseye.app */ = {isa = PBXFileReference; explicitFileType = wrapper.application; includeInIndex = 0; path = Bullseye.app; sourceTree = BUILT_PRODUCTS_DIR; };
		E2BEEAC92500990400361A66 /* AppDelegate.swift */ = {isa = PBXFileReference; lastKnownFileType = sourcecode.swift; path = AppDelegate.swift; sourceTree = "<group>"; };
		E2BEEACB2500990400361A66 /* SceneDelegate.swift */ = {isa = PBXFileReference; lastKnownFileType = sourcecode.swift; path = SceneDelegate.swift; sourceTree = "<group>"; };
		E2BEEACD2500990400361A66 /* ViewController.swift */ = {isa = PBXFileReference; lastKnownFileType = sourcecode.swift; path = ViewController.swift; sourceTree = "<group>"; };
		E2BEEAD02500990400361A66 /* Base */ = {isa = PBXFileReference; lastKnownFileType = file.storyboard; name = Base; path = Base.lproj/Main.storyboard; sourceTree = "<group>"; };
		E2BEEAD22500990500361A66 /* Assets.xcassets */ = {isa = PBXFileReference; lastKnownFileType = folder.assetcatalog; path = Assets.xcassets; sourceTree = "<group>"; };
		E2BEEAD52500990500361A66 /* Base */ = {isa = PBXFileReference; lastKnownFileType = file.storyboard; name = Base; path = Base.lproj/LaunchScreen.storyboard; sourceTree = "<group>"; };
		E2BEEAD72500990500361A66 /* Info.plist */ = {isa = PBXFileReference; lastKnownFileType = text.plist.xml; path = Info.plist; sourceTree = "<group>"; };
		E2F245F9251ADFBF00C047E2 /* HighScoreItem.swift */ = {isa = PBXFileReference; lastKnownFileType = sourcecode.swift; path = HighScoreItem.swift; sourceTree = "<group>"; };
		E2F245FC251AE79300C047E2 /* PersistencyHelper.swift */ = {isa = PBXFileReference; lastKnownFileType = sourcecode.swift; path = PersistencyHelper.swift; sourceTree = "<group>"; };
		E2F24603251AEE8E00C047E2 /* EditHighScoreViewController.swift */ = {isa = PBXFileReference; lastKnownFileType = sourcecode.swift; path = EditHighScoreViewController.swift; sourceTree = "<group>"; };
		E2F337E8250D910F00AA40B0 /* HighScoresViewController.swift */ = {isa = PBXFileReference; lastKnownFileType = sourcecode.swift; path = HighScoresViewController.swift; sourceTree = "<group>"; };
/* End PBXFileReference section */

/* Begin PBXFrameworksBuildPhase section */
		E2BEEAC32500990400361A66 /* Frameworks */ = {
			isa = PBXFrameworksBuildPhase;
			buildActionMask = 2147483647;
			files = (
				E217137F250C768700C03586 /* WebKit.framework in Frameworks */,
			);
			runOnlyForDeploymentPostprocessing = 0;
		};
/* End PBXFrameworksBuildPhase section */

/* Begin PBXGroup section */
		E217137D250C768700C03586 /* Frameworks */ = {
			isa = PBXGroup;
			children = (
				E217137E250C768700C03586 /* WebKit.framework */,
			);
			name = Frameworks;
			sourceTree = "<group>";
		};
		E2BEEABD2500990400361A66 = {
			isa = PBXGroup;
			children = (
				E2BEEAC82500990400361A66 /* Bullseye */,
				E2BEEAC72500990400361A66 /* Products */,
				E217137D250C768700C03586 /* Frameworks */,
			);
			sourceTree = "<group>";
		};
		E2BEEAC72500990400361A66 /* Products */ = {
			isa = PBXGroup;
			children = (
				E2BEEAC62500990400361A66 /* Bullseye.app */,
			);
			name = Products;
			sourceTree = "<group>";
		};
		E2BEEAC82500990400361A66 /* Bullseye */ = {
			isa = PBXGroup;
			children = (
				E2F337E8250D910F00AA40B0 /* HighScoresViewController.swift */,
				E217137B250C762800C03586 /* Bullseye.html */,
				E2BEEAC92500990400361A66 /* AppDelegate.swift */,
				E2BEEACB2500990400361A66 /* SceneDelegate.swift */,
				E2BEEACD2500990400361A66 /* ViewController.swift */,
				E2BEEACF2500990400361A66 /* Main.storyboard */,
				E2171377250C72FF00C03586 /* AboutViewController.swift */,
				E2BEEAD22500990500361A66 /* Assets.xcassets */,
				E2BEEAD42500990500361A66 /* LaunchScreen.storyboard */,
				E2BEEAD72500990500361A66 /* Info.plist */,
				E2F245F9251ADFBF00C047E2 /* HighScoreItem.swift */,
				E2F245FC251AE79300C047E2 /* PersistencyHelper.swift */,
				E2F24603251AEE8E00C047E2 /* EditHighScoreViewController.swift */,
			);
			path = Bullseye;
			sourceTree = "<group>";
		};
/* End PBXGroup section */

/* Begin PBXNativeTarget section */
		E2BEEAC52500990400361A66 /* Bullseye */ = {
			isa = PBXNativeTarget;
			buildConfigurationList = E2BEEADA2500990500361A66 /* Build configuration list for PBXNativeTarget "Bullseye" */;
			buildPhases = (
				E2BEEAC22500990400361A66 /* Sources */,
				E2BEEAC32500990400361A66 /* Frameworks */,
				E2BEEAC42500990400361A66 /* Resources */,
			);
			buildRules = (
			);
			dependencies = (
			);
			name = Bullseye;
			productName = Bullseye;
			productReference = E2BEEAC62500990400361A66 /* Bullseye.app */;
			productType = "com.apple.product-type.application";
		};
/* End PBXNativeTarget section */

/* Begin PBXProject section */
		E2BEEABE2500990400361A66 /* Project object */ = {
			isa = PBXProject;
			attributes = {
				LastSwiftUpdateCheck = 1170;
				LastUpgradeCheck = 1170;
				ORGANIZATIONNAME = "Erik Villavera";
				TargetAttributes = {
					E2BEEAC52500990400361A66 = {
						CreatedOnToolsVersion = 11.7;
					};
				};
			};
			buildConfigurationList = E2BEEAC12500990400361A66 /* Build configuration list for PBXProject "Bullseye" */;
			compatibilityVersion = "Xcode 9.3";
			developmentRegion = en;
			hasScannedForEncodings = 0;
			knownRegions = (
				en,
				Base,
			);
			mainGroup = E2BEEABD2500990400361A66;
			productRefGroup = E2BEEAC72500990400361A66 /* Products */;
			projectDirPath = "";
			projectRoot = "";
			targets = (
				E2BEEAC52500990400361A66 /* Bullseye */,
			);
		};
/* End PBXProject section */

/* Begin PBXResourcesBuildPhase section */
		E2BEEAC42500990400361A66 /* Resources */ = {
			isa = PBXResourcesBuildPhase;
			buildActionMask = 2147483647;
			files = (
				E2BEEAD62500990500361A66 /* LaunchScreen.storyboard in Resources */,
				E217137C250C762800C03586 /* Bullseye.html in Resources */,
				E2BEEAD32500990500361A66 /* Assets.xcassets in Resources */,
				E2BEEAD12500990400361A66 /* Main.storyboard in Resources */,
			);
			runOnlyForDeploymentPostprocessing = 0;
		};
/* End PBXResourcesBuildPhase section */

/* Begin PBXSourcesBuildPhase section */
		E2BEEAC22500990400361A66 /* Sources */ = {
			isa = PBXSourcesBuildPhase;
			buildActionMask = 2147483647;
			files = (
				E2F337E9250D910F00AA40B0 /* HighScoresViewController.swift in Sources */,
				E2F245FA251ADFBF00C047E2 /* HighScoreItem.swift in Sources */,
				E2F245FD251AE79300C047E2 /* PersistencyHelper.swift in Sources */,
				E2BEEACE2500990400361A66 /* ViewController.swift in Sources */,
				E2BEEACA2500990400361A66 /* AppDelegate.swift in Sources */,
				E2171378250C72FF00C03586 /* AboutViewController.swift in Sources */,
				E2BEEACC2500990400361A66 /* SceneDelegate.swift in Sources */,
				E2F24604251AEE8E00C047E2 /* EditHighScoreViewController.swift in Sources */,
			);
			runOnlyForDeploymentPostprocessing = 0;
		};
/* End PBXSourcesBuildPhase section */

/* Begin PBXVariantGroup section */
		E2BEEACF2500990400361A66 /* Main.storyboard */ = {
			isa = PBXVariantGroup;
			children = (
				E2BEEAD02500990400361A66 /* Base */,
			);
			name = Main.storyboard;
			sourceTree = "<group>";
		};
		E2BEEAD42500990500361A66 /* LaunchScreen.storyboard */ = {
			isa = PBXVariantGroup;
			children = (
				E2BEEAD52500990500361A66 /* Base */,
			);
			name = LaunchScreen.storyboard;
			sourceTree = "<group>";
		};
/* End PBXVariantGroup section */

/* Begin XCBuildConfiguration section */
		E2BEEAD82500990500361A66 /* Debug */ = {
			isa = XCBuildConfiguration;
			buildSettings = {
				ALWAYS_SEARCH_USER_PATHS = NO;
				CLANG_ANALYZER_NONNULL = YES;
				CLANG_ANALYZER_NUMBER_OBJECT_CONVERSION = YES_AGGRESSIVE;
				CLANG_CXX_LANGUAGE_STANDARD = "gnu++14";
				CLANG_CXX_LIBRARY = "libc++";
				CLANG_ENABLE_MODULES = YES;
				CLANG_ENABLE_OBJC_ARC = YES;
				CLANG_ENABLE_OBJC_WEAK = YES;
				CLANG_WARN_BLOCK_CAPTURE_AUTORELEASING = YES;
				CLANG_WARN_BOOL_CONVERSION = YES;
				CLANG_WARN_COMMA = YES;
				CLANG_WARN_CONSTANT_CONVERSION = YES;
				CLANG_WARN_DEPRECATED_OBJC_IMPLEMENTATIONS = YES;
				CLANG_WARN_DIRECT_OBJC_ISA_USAGE = YES_ERROR;
				CLANG_WARN_DOCUMENTATION_COMMENTS = YES;
				CLANG_WARN_EMPTY_BODY = YES;
				CLANG_WARN_ENUM_CONVERSION = YES;
				CLANG_WARN_INFINITE_RECURSION = YES;
				CLANG_WARN_INT_CONVERSION = YES;
				CLANG_WARN_NON_LITERAL_NULL_CONVERSION = YES;
				CLANG_WARN_OBJC_IMPLICIT_RETAIN_SELF = YES;
				CLANG_WARN_OBJC_LITERAL_CONVERSION = YES;
				CLANG_WARN_OBJC_ROOT_CLASS = YES_ERROR;
				CLANG_WARN_RANGE_LOOP_ANALYSIS = YES;
				CLANG_WARN_STRICT_PROTOTYPES = YES;
				CLANG_WARN_SUSPICIOUS_MOVE = YES;
				CLANG_WARN_UNGUARDED_AVAILABILITY = YES_AGGRESSIVE;
				CLANG_WARN_UNREACHABLE_CODE = YES;
				CLANG_WARN__DUPLICATE_METHOD_MATCH = YES;
				COPY_PHASE_STRIP = NO;
				DEBUG_INFORMATION_FORMAT = dwarf;
				ENABLE_STRICT_OBJC_MSGSEND = YES;
				ENABLE_TESTABILITY = YES;
				GCC_C_LANGUAGE_STANDARD = gnu11;
				GCC_DYNAMIC_NO_PIC = NO;
				GCC_NO_COMMON_BLOCKS = YES;
				GCC_OPTIMIZATION_LEVEL = 0;
				GCC_PREPROCESSOR_DEFINITIONS = (
					"DEBUG=1",
					"$(inherited)",
				);
				GCC_WARN_64_TO_32_BIT_CONVERSION = YES;
				GCC_WARN_ABOUT_RETURN_TYPE = YES_ERROR;
				GCC_WARN_UNDECLARED_SELECTOR = YES;
				GCC_WARN_UNINITIALIZED_AUTOS = YES_AGGRESSIVE;
				GCC_WARN_UNUSED_FUNCTION = YES;
				GCC_WARN_UNUSED_VARIABLE = YES;
				IPHONEOS_DEPLOYMENT_TARGET = 13.7;
				MTL_ENABLE_DEBUG_INFO = INCLUDE_SOURCE;
				MTL_FAST_MATH = YES;
				ONLY_ACTIVE_ARCH = YES;
				SDKROOT = iphoneos;
				SWIFT_ACTIVE_COMPILATION_CONDITIONS = DEBUG;
				SWIFT_OPTIMIZATION_LEVEL = "-Onone";
			};
			name = Debug;
		};
		E2BEEAD92500990500361A66 /* Release */ = {
			isa = XCBuildConfiguration;
			buildSettings = {
				ALWAYS_SEARCH_USER_PATHS = NO;
				CLANG_ANALYZER_NONNULL = YES;
				CLANG_ANALYZER_NUMBER_OBJECT_CONVERSION = YES_AGGRESSIVE;
				CLANG_CXX_LANGUAGE_STANDARD = "gnu++14";
				CLANG_CXX_LIBRARY = "libc++";
				CLANG_ENABLE_MODULES = YES;
				CLANG_ENABLE_OBJC_ARC = YES;
				CLANG_ENABLE_OBJC_WEAK = YES;
				CLANG_WARN_BLOCK_CAPTURE_AUTORELEASING = YES;
				CLANG_WARN_BOOL_CONVERSION = YES;
				CLANG_WARN_COMMA = YES;
				CLANG_WARN_CONSTANT_CONVERSION = YES;
				CLANG_WARN_DEPRECATED_OBJC_IMPLEMENTATIONS = YES;
				CLANG_WARN_DIRECT_OBJC_ISA_USAGE = YES_ERROR;
				CLANG_WARN_DOCUMENTATION_COMMENTS = YES;
				CLANG_WARN_EMPTY_BODY = YES;
				CLANG_WARN_ENUM_CONVERSION = YES;
				CLANG_WARN_INFINITE_RECURSION = YES;
				CLANG_WARN_INT_CONVERSION = YES;
				CLANG_WARN_NON_LITERAL_NULL_CONVERSION = YES;
				CLANG_WARN_OBJC_IMPLICIT_RETAIN_SELF = YES;
				CLANG_WARN_OBJC_LITERAL_CONVERSION = YES;
				CLANG_WARN_OBJC_ROOT_CLASS = YES_ERROR;
				CLANG_WARN_RANGE_LOOP_ANALYSIS = YES;
				CLANG_WARN_STRICT_PROTOTYPES = YES;
				CLANG_WARN_SUSPICIOUS_MOVE = YES;
				CLANG_WARN_UNGUARDED_AVAILABILITY = YES_AGGRESSIVE;
				CLANG_WARN_UNREACHABLE_CODE = YES;
				CLANG_WARN__DUPLICATE_METHOD_MATCH = YES;
				COPY_PHASE_STRIP = NO;
				DEBUG_INFORMATION_FORMAT = "dwarf-with-dsym";
				ENABLE_NS_ASSERTIONS = NO;
				ENABLE_STRICT_OBJC_MSGSEND = YES;
				GCC_C_LANGUAGE_STANDARD = gnu11;
				GCC_NO_COMMON_BLOCKS = YES;
				GCC_WARN_64_TO_32_BIT_CONVERSION = YES;
				GCC_WARN_ABOUT_RETURN_TYPE = YES_ERROR;
				GCC_WARN_UNDECLARED_SELECTOR = YES;
				GCC_WARN_UNINITIALIZED_AUTOS = YES_AGGRESSIVE;
				GCC_WARN_UNUSED_FUNCTION = YES;
				GCC_WARN_UNUSED_VARIABLE = YES;
				IPHONEOS_DEPLOYMENT_TARGET = 13.7;
				MTL_ENABLE_DEBUG_INFO = NO;
				MTL_FAST_MATH = YES;
				SDKROOT = iphoneos;
				SWIFT_COMPILATION_MODE = wholemodule;
				SWIFT_OPTIMIZATION_LEVEL = "-O";
				VALIDATE_PRODUCT = YES;
			};
			name = Release;
		};
		E2BEEADB2500990500361A66 /* Debug */ = {
			isa = XCBuildConfiguration;
			buildSettings = {
				ASSETCATALOG_COMPILER_APPICON_NAME = AppIcon;
				CODE_SIGN_STYLE = Automatic;
				DEVELOPMENT_TEAM = 548Z6P66HX;
				INFOPLIST_FILE = Bullseye/Info.plist;
				LD_RUNPATH_SEARCH_PATHS = (
					"$(inherited)",
					"@executable_path/Frameworks",
				);
				PRODUCT_BUNDLE_IDENTIFIER = com.erikvillavera.Bullseye;
				PRODUCT_NAME = "$(TARGET_NAME)";
				SWIFT_VERSION = 5.0;
				TARGETED_DEVICE_FAMILY = "1,2";
			};
			name = Debug;
		};
		E2BEEADC2500990500361A66 /* Release */ = {
			isa = XCBuildConfiguration;
			buildSettings = {
				ASSETCATALOG_COMPILER_APPICON_NAME = AppIcon;
				CODE_SIGN_STYLE = Automatic;
				DEVELOPMENT_TEAM = 548Z6P66HX;
				INFOPLIST_FILE = Bullseye/Info.plist;
				LD_RUNPATH_SEARCH_PATHS = (
					"$(inherited)",
					"@executable_path/Frameworks",
				);
				PRODUCT_BUNDLE_IDENTIFIER = com.erikvillavera.Bullseye;
				PRODUCT_NAME = "$(TARGET_NAME)";
				SWIFT_VERSION = 5.0;
				TARGETED_DEVICE_FAMILY = "1,2";
			};
			name = Release;
		};
/* End XCBuildConfiguration section */

/* Begin XCConfigurationList section */
		E2BEEAC12500990400361A66 /* Build configuration list for PBXProject "Bullseye" */ = {
			isa = XCConfigurationList;
			buildConfigurations = (
				E2BEEAD82500990500361A66 /* Debug */,
				E2BEEAD92500990500361A66 /* Release */,
			);
			defaultConfigurationIsVisible = 0;
			defaultConfigurationName = Release;
		};
		E2BEEADA2500990500361A66 /* Build configuration list for PBXNativeTarget "Bullseye" */ = {
			isa = XCConfigurationList;
			buildConfigurations = (
				E2BEEADB2500990500361A66 /* Debug */,
				E2BEEADC2500990500361A66 /* Release */,
			);
			defaultConfigurationIsVisible = 0;
			defaultConfigurationName = Release;
		};
/* End XCConfigurationList section */
	};
	rootObject = E2BEEABE2500990400361A66 /* Project object */;
}
